
Microsoft Visual Studio Solution File, Format Version 12.00
# Visual Studio Version 16
VisualStudioVersion = 16.0.28922.388
MinimumVisualStudioVersion = 10.0.40219.1
Project("{FAE04EC0-301F-11D3-BF4B-00C04F79EFBC}") = "CECS475Lab4_FitnessMembership", "CECS475_Lab3_FitnessMembership\CECS475Lab4_FitnessMembership.csproj", "{1972B80B-8930-480B-92D6-587EEBBBCE08}"
EndProject
Global
	GlobalSection(SolutionConfigurationPlatforms) = preSolution
		Debug|Any CPU = Debug|Any CPU
		Release|Any CPU = Release|Any CPU
	EndGlobalSection
	GlobalSection(ProjectConfigurationPlatforms) = postSolution
		{1972B80B-8930-480B-92D6-587EEBBBCE08}.Debug|Any CPU.ActiveCfg = Debug|Any CPU
		{1972B80B-8930-480B-92D6-587EEBBBCE08}.Debug|Any CPU.Build.0 = Debug|Any CPU
		{1972B80B-8930-480B-92D6-587EEBBBCE08}.Release|Any CPU.ActiveCfg = Release|Any CPU
		{1972B80B-8930-480B-92D6-587EEBBBCE08}.Release|Any CPU.Build.0 = Release|Any CPU
	EndGlobalSection
	GlobalSection(SolutionProperties) = preSolution
		HideSolutionNode = FALSE
	EndGlobalSection
	GlobalSection(ExtensibilityGlobals) = postSolution
		SolutionGuid = {1013AAA0-1DA9-4298-AFCF-613CFB4C4F84}
	EndGlobalSection
EndGlobal
